
Microsoft Visual Studio Solution File, Format Version 12.00
# Visual Studio Version 17
VisualStudioVersion = 17.3.32901.215
MinimumVisualStudioVersion = 10.0.40219.1
Project("{FAE04EC0-301F-11D3-BF4B-00C04F79EFBC}") = "Constructor", "Constructor.csproj", "{028266F8-844E-40C3-97E8-77D4FBF9BF77}"
EndProject
Global
	GlobalSection(SolutionConfigurationPlatforms) = preSolution
		Debug|Any CPU = Debug|Any CPU
		Release|Any CPU = Release|Any CPU
	EndGlobalSection
	GlobalSection(ProjectConfigurationPlatforms) = postSolution
		{028266F8-844E-40C3-97E8-77D4FBF9BF77}.Debug|Any CPU.ActiveCfg = Debug|Any CPU
		{028266F8-844E-40C3-97E8-77D4FBF9BF77}.Debug|Any CPU.Build.0 = Debug|Any CPU
		{028266F8-844E-40C3-97E8-77D4FBF9BF77}.Release|Any CPU.ActiveCfg = Release|Any CPU
		{028266F8-844E-40C3-97E8-77D4FBF9BF77}.Release|Any CPU.Build.0 = Release|Any CPU
	EndGlobalSection
	GlobalSection(SolutionProperties) = preSolution
		HideSolutionNode = FALSE
	EndGlobalSection
	GlobalSection(ExtensibilityGlobals) = postSolution
		SolutionGuid = {47104310-97D0-4CF6-8047-424942A422C9}
	EndGlobalSection
EndGlobal
